
Microsoft Visual Studio Solution File, Format Version 12.00
# Visual Studio Version 16
VisualStudioVersion = 16.0.30717.126
MinimumVisualStudioVersion = 10.0.40219.1
Project("{2150E333-8FDC-42A3-9474-1A3956D46DE8}") = "src", "src", "{10471AB9-B364-419A-9572-CE0EDF37D9B6}"
EndProject
Project("{2150E333-8FDC-42A3-9474-1A3956D46DE8}") = "Catalog", "Catalog", "{5999630A-41DF-458A-AA99-F0F30C219B10}"
EndProject
Project("{9A19103F-16F7-4668-BE54-9A1E7A4F7556}") = "Catalog.API", "src\Catalog\Catalog.API\Catalog.API.csproj", "{4809BBBE-872F-417F-B189-4D9A6E7588DB}"
EndProject
Project("{E53339B2-1760-4266-BCC7-CA923CBCF16C}") = "docker-compose", "docker-compose.dcproj", "{29E13CAD-03C6-47FB-BD3E-295A17BF3952}"
EndProject
Project("{2150E333-8FDC-42A3-9474-1A3956D46DE8}") = "Basket", "Basket", "{8593BCE9-BC20-4E9E-B89A-53B2022E17A6}"
EndProject
Project("{9A19103F-16F7-4668-BE54-9A1E7A4F7556}") = "Basket.API", "src\Basket\Basket.API\Basket.API.csproj", "{E18C5E75-9DF2-460D-80B7-643C1026D816}"
EndProject
Project("{2150E333-8FDC-42A3-9474-1A3956D46DE8}") = "Common", "Common", "{2D175EB7-842E-4BAE-8DC5-F1FC81C7686A}"
EndProject
Project("{9A19103F-16F7-4668-BE54-9A1E7A4F7556}") = "EventBusRabbitMQ", "src\Common\EventBusRabbitMQ\EventBusRabbitMQ.csproj", "{2F24C8D9-E217-447A-9E83-937C2B023734}"
EndProject
Project("{2150E333-8FDC-42A3-9474-1A3956D46DE8}") = "Ordering", "Ordering", "{43D62C35-8C28-49EE-9F08-C17BBD1ED526}"
EndProject
Project("{9A19103F-16F7-4668-BE54-9A1E7A4F7556}") = "Ordering.API", "src\Ordering\Ordering.API\Ordering.API.csproj", "{CC2181AF-FDF8-45E2-8C37-DE0013D87727}"
EndProject
Project("{9A19103F-16F7-4668-BE54-9A1E7A4F7556}") = "Ordering.Core", "src\Ordering\Ordering.Core\Ordering.Core.csproj", "{E2098AC8-0F31-4F87-9194-B09079D35510}"
EndProject
Project("{9A19103F-16F7-4668-BE54-9A1E7A4F7556}") = "Ordering.Infrastructure", "src\Ordering\Ordering.Infrastructure\Ordering.Infrastructure.csproj", "{336EB0D9-66C4-451E-ABD9-594C22A1D5B7}"
EndProject
Project("{9A19103F-16F7-4668-BE54-9A1E7A4F7556}") = "Ordering.Application", "src\Ordering\Ordering.Application\Ordering.Application.csproj", "{3346B2B4-955D-4C2B-8F86-D6E42C55D530}"
EndProject
Project("{2150E333-8FDC-42A3-9474-1A3956D46DE8}") = "APIGateway", "APIGateway", "{B0A202F4-F152-47E8-8C1B-90CD881FD567}"
EndProject
Project("{9A19103F-16F7-4668-BE54-9A1E7A4F7556}") = "OcelotAPIGateway", "src\APIGateway\OcelotAPIGateway\OcelotAPIGateway.csproj", "{3C04C317-F77E-4B1B-B018-2AA911FAB4D0}"
EndProject
Project("{2150E333-8FDC-42A3-9474-1A3956D46DE8}") = "WebApp", "WebApp", "{FC2EC469-9966-41EF-9C24-414483878966}"
EndProject
Project("{9A19103F-16F7-4668-BE54-9A1E7A4F7556}") = "MicroEcomWeb", "src\WebApp\MicroEcomWeb\MicroEcomWeb.csproj", "{409B5EC8-5868-4097-828D-D40126EE757E}"
EndProject
Global
	GlobalSection(SolutionConfigurationPlatforms) = preSolution
		Debug|Any CPU = Debug|Any CPU
		Release|Any CPU = Release|Any CPU
	EndGlobalSection
	GlobalSection(ProjectConfigurationPlatforms) = postSolution
		{4809BBBE-872F-417F-B189-4D9A6E7588DB}.Debug|Any CPU.ActiveCfg = Debug|Any CPU
		{4809BBBE-872F-417F-B189-4D9A6E7588DB}.Debug|Any CPU.Build.0 = Debug|Any CPU
		{4809BBBE-872F-417F-B189-4D9A6E7588DB}.Release|Any CPU.ActiveCfg = Release|Any CPU
		{4809BBBE-872F-417F-B189-4D9A6E7588DB}.Release|Any CPU.Build.0 = Release|Any CPU
		{29E13CAD-03C6-47FB-BD3E-295A17BF3952}.Debug|Any CPU.ActiveCfg = Debug|Any CPU
		{29E13CAD-03C6-47FB-BD3E-295A17BF3952}.Debug|Any CPU.Build.0 = Debug|Any CPU
		{29E13CAD-03C6-47FB-BD3E-295A17BF3952}.Release|Any CPU.ActiveCfg = Release|Any CPU
		{29E13CAD-03C6-47FB-BD3E-295A17BF3952}.Release|Any CPU.Build.0 = Release|Any CPU
		{E18C5E75-9DF2-460D-80B7-643C1026D816}.Debug|Any CPU.ActiveCfg = Debug|Any CPU
		{E18C5E75-9DF2-460D-80B7-643C1026D816}.Debug|Any CPU.Build.0 = Debug|Any CPU
		{E18C5E75-9DF2-460D-80B7-643C1026D816}.Release|Any CPU.ActiveCfg = Release|Any CPU
		{E18C5E75-9DF2-460D-80B7-643C1026D816}.Release|Any CPU.Build.0 = Release|Any CPU
		{2F24C8D9-E217-447A-9E83-937C2B023734}.Debug|Any CPU.ActiveCfg = Debug|Any CPU
		{2F24C8D9-E217-447A-9E83-937C2B023734}.Debug|Any CPU.Build.0 = Debug|Any CPU
		{2F24C8D9-E217-447A-9E83-937C2B023734}.Release|Any CPU.ActiveCfg = Release|Any CPU
		{2F24C8D9-E217-447A-9E83-937C2B023734}.Release|Any CPU.Build.0 = Release|Any CPU
		{CC2181AF-FDF8-45E2-8C37-DE0013D87727}.Debug|Any CPU.ActiveCfg = Debug|Any CPU
		{CC2181AF-FDF8-45E2-8C37-DE0013D87727}.Debug|Any CPU.Build.0 = Debug|Any CPU
		{CC2181AF-FDF8-45E2-8C37-DE0013D87727}.Release|Any CPU.ActiveCfg = Release|Any CPU
		{CC2181AF-FDF8-45E2-8C37-DE0013D87727}.Release|Any CPU.Build.0 = Release|Any CPU
		{E2098AC8-0F31-4F87-9194-B09079D35510}.Debug|Any CPU.ActiveCfg = Debug|Any CPU
		{E2098AC8-0F31-4F87-9194-B09079D35510}.Debug|Any CPU.Build.0 = Debug|Any CPU
		{E2098AC8-0F31-4F87-9194-B09079D35510}.Release|Any CPU.ActiveCfg = Release|Any CPU
		{E2098AC8-0F31-4F87-9194-B09079D35510}.Release|Any CPU.Build.0 = Release|Any CPU
		{336EB0D9-66C4-451E-ABD9-594C22A1D5B7}.Debug|Any CPU.ActiveCfg = Debug|Any CPU
		{336EB0D9-66C4-451E-ABD9-594C22A1D5B7}.Debug|Any CPU.Build.0 = Debug|Any CPU
		{336EB0D9-66C4-451E-ABD9-594C22A1D5B7}.Release|Any CPU.ActiveCfg = Release|Any CPU
		{336EB0D9-66C4-451E-ABD9-594C22A1D5B7}.Release|Any CPU.Build.0 = Release|Any CPU
		{3346B2B4-955D-4C2B-8F86-D6E42C55D530}.Debug|Any CPU.ActiveCfg = Debug|Any CPU
		{3346B2B4-955D-4C2B-8F86-D6E42C55D530}.Debug|Any CPU.Build.0 = Debug|Any CPU
		{3346B2B4-955D-4C2B-8F86-D6E42C55D530}.Release|Any CPU.ActiveCfg = Release|Any CPU
		{3346B2B4-955D-4C2B-8F86-D6E42C55D530}.Release|Any CPU.Build.0 = Release|Any CPU
		{3C04C317-F77E-4B1B-B018-2AA911FAB4D0}.Debug|Any CPU.ActiveCfg = Debug|Any CPU
		{3C04C317-F77E-4B1B-B018-2AA911FAB4D0}.Debug|Any CPU.Build.0 = Debug|Any CPU
		{3C04C317-F77E-4B1B-B018-2AA911FAB4D0}.Release|Any CPU.ActiveCfg = Release|Any CPU
		{3C04C317-F77E-4B1B-B018-2AA911FAB4D0}.Release|Any CPU.Build.0 = Release|Any CPU
		{409B5EC8-5868-4097-828D-D40126EE757E}.Debug|Any CPU.ActiveCfg = Debug|Any CPU
		{409B5EC8-5868-4097-828D-D40126EE757E}.Debug|Any CPU.Build.0 = Debug|Any CPU
		{409B5EC8-5868-4097-828D-D40126EE757E}.Release|Any CPU.ActiveCfg = Release|Any CPU
		{409B5EC8-5868-4097-828D-D40126EE757E}.Release|Any CPU.Build.0 = Release|Any CPU
	EndGlobalSection
	GlobalSection(SolutionProperties) = preSolution
		HideSolutionNode = FALSE
	EndGlobalSection
	GlobalSection(NestedProjects) = preSolution
		{5999630A-41DF-458A-AA99-F0F30C219B10} = {10471AB9-B364-419A-9572-CE0EDF37D9B6}
		{4809BBBE-872F-417F-B189-4D9A6E7588DB} = {5999630A-41DF-458A-AA99-F0F30C219B10}
		{8593BCE9-BC20-4E9E-B89A-53B2022E17A6} = {10471AB9-B364-419A-9572-CE0EDF37D9B6}
		{E18C5E75-9DF2-460D-80B7-643C1026D816} = {8593BCE9-BC20-4E9E-B89A-53B2022E17A6}
		{2D175EB7-842E-4BAE-8DC5-F1FC81C7686A} = {10471AB9-B364-419A-9572-CE0EDF37D9B6}
		{2F24C8D9-E217-447A-9E83-937C2B023734} = {2D175EB7-842E-4BAE-8DC5-F1FC81C7686A}
		{43D62C35-8C28-49EE-9F08-C17BBD1ED526} = {10471AB9-B364-419A-9572-CE0EDF37D9B6}
		{CC2181AF-FDF8-45E2-8C37-DE0013D87727} = {43D62C35-8C28-49EE-9F08-C17BBD1ED526}
		{E2098AC8-0F31-4F87-9194-B09079D35510} = {43D62C35-8C28-49EE-9F08-C17BBD1ED526}
		{336EB0D9-66C4-451E-ABD9-594C22A1D5B7} = {43D62C35-8C28-49EE-9F08-C17BBD1ED526}
		{3346B2B4-955D-4C2B-8F86-D6E42C55D530} = {43D62C35-8C28-49EE-9F08-C17BBD1ED526}
		{B0A202F4-F152-47E8-8C1B-90CD881FD567} = {10471AB9-B364-419A-9572-CE0EDF37D9B6}
		{3C04C317-F77E-4B1B-B018-2AA911FAB4D0} = {B0A202F4-F152-47E8-8C1B-90CD881FD567}
		{FC2EC469-9966-41EF-9C24-414483878966} = {10471AB9-B364-419A-9572-CE0EDF37D9B6}
		{409B5EC8-5868-4097-828D-D40126EE757E} = {FC2EC469-9966-41EF-9C24-414483878966}
	EndGlobalSection
	GlobalSection(ExtensibilityGlobals) = postSolution
		SolutionGuid = {5A5F4190-DAA3-488C-82C6-4C5C2262C055}
	EndGlobalSection
EndGlobal
